// !$*UTF8*$!
{
	archiveVersion = 1;
	classes = {
	};
	objectVersion = 56;
	objects = {

/* Begin PBXBuildFile section */
		11B0CDD22C29C6EB00FF22CE /* AppDelegate.m in Sources */ = {isa = PBXBuildFile; fileRef = 11B0CDD12C29C6EB00FF22CE /* AppDelegate.m */; };
		11B0CDD82C29C6EB00FF22CE /* ViewController.m in Sources */ = {isa = PBXBuildFile; fileRef = 11B0CDD72C29C6EB00FF22CE /* ViewController.m */; };
		11B0CDDB2C29C6EB00FF22CE /* Main.storyboard in Resources */ = {isa = PBXBuildFile; fileRef = 11B0CDD92C29C6EB00FF22CE /* Main.storyboard */; };
		11B0CDDD2C29C6ED00FF22CE /* Assets.xcassets in Resources */ = {isa = PBXBuildFile; fileRef = 11B0CDDC2C29C6ED00FF22CE /* Assets.xcassets */; };
		11B0CDE02C29C6ED00FF22CE /* LaunchScreen.storyboard in Resources */ = {isa = PBXBuildFile; fileRef = 11B0CDDE2C29C6ED00FF22CE /* LaunchScreen.storyboard */; };
		11B0CDE32C29C6ED00FF22CE /* main.m in Sources */ = {isa = PBXBuildFile; fileRef = 11B0CDE22C29C6ED00FF22CE /* main.m */; };
		C5D78091B7D54410300A18C3 /* Pods_IOSHostProject.framework in Frameworks */ = {isa = PBXBuildFile; fileRef = FCFA3705FC28B791DDDAA6F6 /* Pods_IOSHostProject.framework */; };
/* End PBXBuildFile section */

/* Begin PBXFileReference section */
		11B0CDCD2C29C6EB00FF22CE /* IOSHostProject.app */ = {isa = PBXFileReference; explicitFileType = wrapper.application; includeInIndex = 0; path = IOSHostProject.app; sourceTree = BUILT_PRODUCTS_DIR; };
		11B0CDD02C29C6EB00FF22CE /* AppDelegate.h */ = {isa = PBXFileReference; lastKnownFileType = sourcecode.c.h; path = AppDelegate.h; sourceTree = "<group>"; };
		11B0CDD12C29C6EB00FF22CE /* AppDelegate.m */ = {isa = PBXFileReference; lastKnownFileType = sourcecode.c.objc; path = AppDelegate.m; sourceTree = "<group>"; };
		11B0CDD62C29C6EB00FF22CE /* ViewController.h */ = {isa = PBXFileReference; lastKnownFileType = sourcecode.c.h; path = ViewController.h; sourceTree = "<group>"; };
		11B0CDD72C29C6EB00FF22CE /* ViewController.m */ = {isa = PBXFileReference; lastKnownFileType = sourcecode.c.objc; path = ViewController.m; sourceTree = "<group>"; };
		11B0CDDA2C29C6EB00FF22CE /* Base */ = {isa = PBXFileReference; lastKnownFileType = file.storyboard; name = Base; path = Base.lproj/Main.storyboard; sourceTree = "<group>"; };
		11B0CDDC2C29C6ED00FF22CE /* Assets.xcassets */ = {isa = PBXFileReference; lastKnownFileType = folder.assetcatalog; path = Assets.xcassets; sourceTree = "<group>"; };
		11B0CDDF2C29C6ED00FF22CE /* Base */ = {isa = PBXFileReference; lastKnownFileType = file.storyboard; name = Base; path = Base.lproj/LaunchScreen.storyboard; sourceTree = "<group>"; };
		11B0CDE12C29C6ED00FF22CE /* Info.plist */ = {isa = PBXFileReference; lastKnownFileType = text.plist.xml; path = Info.plist; sourceTree = "<group>"; };
		11B0CDE22C29C6ED00FF22CE /* main.m */ = {isa = PBXFileReference; lastKnownFileType = sourcecode.c.objc; path = main.m; sourceTree = "<group>"; };
		4E07D7EADF1591FD26284121 /* Pods-IOSHostProject.release.xcconfig */ = {isa = PBXFileReference; includeInIndex = 1; lastKnownFileType = text.xcconfig; name = "Pods-IOSHostProject.release.xcconfig"; path = "Target Support Files/Pods-IOSHostProject/Pods-IOSHostProject.release.xcconfig"; sourceTree = "<group>"; };
		9378BA38A1D0C8AA8BC19765 /* Pods-IOSHostProject.debug.xcconfig */ = {isa = PBXFileReference; includeInIndex = 1; lastKnownFileType = text.xcconfig; name = "Pods-IOSHostProject.debug.xcconfig"; path = "Target Support Files/Pods-IOSHostProject/Pods-IOSHostProject.debug.xcconfig"; sourceTree = "<group>"; };
		FCFA3705FC28B791DDDAA6F6 /* Pods_IOSHostProject.framework */ = {isa = PBXFileReference; explicitFileType = wrapper.framework; includeInIndex = 0; path = Pods_IOSHostProject.framework; sourceTree = BUILT_PRODUCTS_DIR; };
/* End PBXFileReference section */

/* Begin PBXFrameworksBuildPhase section */
		11B0CDCA2C29C6EB00FF22CE /* Frameworks */ = {
			isa = PBXFrameworksBuildPhase;
			buildActionMask = 2147483647;
			files = (
				C5D78091B7D54410300A18C3 /* Pods_IOSHostProject.framework in Frameworks */,
			);
			runOnlyForDeploymentPostprocessing = 0;
		};
/* End PBXFrameworksBuildPhase section */

/* Begin PBXGroup section */
		11B0CDC42C29C6EB00FF22CE = {
			isa = PBXGroup;
			children = (
				11B0CDCF2C29C6EB00FF22CE /* IOSHostProject */,
				11B0CDCE2C29C6EB00FF22CE /* Products */,
				41C5FCB416A7CC618F19B41F /* Pods */,
				A7521EE5A1CFE3735161E758 /* Frameworks */,
			);
			sourceTree = "<group>";
		};
		11B0CDCE2C29C6EB00FF22CE /* Products */ = {
			isa = PBXGroup;
			children = (
				11B0CDCD2C29C6EB00FF22CE /* IOSHostProject.app */,
			);
			name = Products;
			sourceTree = "<group>";
		};
		11B0CDCF2C29C6EB00FF22CE /* IOSHostProject */ = {
			isa = PBXGroup;
			children = (
				11B0CDD02C29C6EB00FF22CE /* AppDelegate.h */,
				11B0CDD12C29C6EB00FF22CE /* AppDelegate.m */,
				11B0CDD62C29C6EB00FF22CE /* ViewController.h */,
				11B0CDD72C29C6EB00FF22CE /* ViewController.m */,
				11B0CDD92C29C6EB00FF22CE /* Main.storyboard */,
				11B0CDDC2C29C6ED00FF22CE /* Assets.xcassets */,
				11B0CDDE2C29C6ED00FF22CE /* LaunchScreen.storyboard */,
				11B0CDE12C29C6ED00FF22CE /* Info.plist */,
				11B0CDE22C29C6ED00FF22CE /* main.m */,
			);
			path = IOSHostProject;
			sourceTree = "<group>";
		};
		41C5FCB416A7CC618F19B41F /* Pods */ = {
			isa = PBXGroup;
			children = (
				9378BA38A1D0C8AA8BC19765 /* Pods-IOSHostProject.debug.xcconfig */,
				4E07D7EADF1591FD26284121 /* Pods-IOSHostProject.release.xcconfig */,
			);
			path = Pods;
			sourceTree = "<group>";
		};
		A7521EE5A1CFE3735161E758 /* Frameworks */ = {
			isa = PBXGroup;
			children = (
				FCFA3705FC28B791DDDAA6F6 /* Pods_IOSHostProject.framework */,
			);
			name = Frameworks;
			sourceTree = "<group>";
		};
/* End PBXGroup section */

/* Begin PBXNativeTarget section */
		11B0CDCC2C29C6EB00FF22CE /* IOSHostProject */ = {
			isa = PBXNativeTarget;
			buildConfigurationList = 11B0CDE62C29C6ED00FF22CE /* Build configuration list for PBXNativeTarget "IOSHostProject" */;
			buildPhases = (
				2EFE8732786A3BA05884257F /* [CP] Check Pods Manifest.lock */,
				11B0CDC92C29C6EB00FF22CE /* Sources */,
				11B0CDCA2C29C6EB00FF22CE /* Frameworks */,
				11B0CDCB2C29C6EB00FF22CE /* Resources */,
				573E687054CFC727D407D54C /* [CP] Embed Pods Frameworks */,
			);
			buildRules = (
			);
			dependencies = (
			);
			name = IOSHostProject;
			productName = IOSHostProject;
			productReference = 11B0CDCD2C29C6EB00FF22CE /* IOSHostProject.app */;
			productType = "com.apple.product-type.application";
		};
/* End PBXNativeTarget section */

/* Begin PBXProject section */
		11B0CDC52C29C6EB00FF22CE /* Project object */ = {
			isa = PBXProject;
			attributes = {
				BuildIndependentTargetsInParallel = 1;
				LastUpgradeCheck = 1500;
				TargetAttributes = {
					11B0CDCC2C29C6EB00FF22CE = {
						CreatedOnToolsVersion = 15.0;
					};
				};
			};
			buildConfigurationList = 11B0CDC82C29C6EB00FF22CE /* Build configuration list for PBXProject "IOSHostProject" */;
			compatibilityVersion = "Xcode 14.0";
			developmentRegion = en;
			hasScannedForEncodings = 0;
			knownRegions = (
				en,
				Base,
			);
			mainGroup = 11B0CDC42C29C6EB00FF22CE;
			productRefGroup = 11B0CDCE2C29C6EB00FF22CE /* Products */;
			projectDirPath = "";
			projectRoot = "";
			targets = (
				11B0CDCC2C29C6EB00FF22CE /* IOSHostProject */,
			);
		};
/* End PBXProject section */

/* Begin PBXResourcesBuildPhase section */
		11B0CDCB2C29C6EB00FF22CE /* Resources */ = {
			isa = PBXResourcesBuildPhase;
			buildActionMask = 2147483647;
			files = (
				11B0CDE02C29C6ED00FF22CE /* LaunchScreen.storyboard in Resources */,
				11B0CDDD2C29C6ED00FF22CE /* Assets.xcassets in Resources */,
				11B0CDDB2C29C6EB00FF22CE /* Main.storyboard in Resources */,
			);
			runOnlyForDeploymentPostprocessing = 0;
		};
/* End PBXResourcesBuildPhase section */

/* Begin PBXShellScriptBuildPhase section */
		2EFE8732786A3BA05884257F /* [CP] Check Pods Manifest.lock */ = {
			isa = PBXShellScriptBuildPhase;
			buildActionMask = 2147483647;
			files = (
			);
			inputFileListPaths = (
			);
			inputPaths = (
				"${PODS_PODFILE_DIR_PATH}/Podfile.lock",
				"${PODS_ROOT}/Manifest.lock",
			);
			name = "[CP] Check Pods Manifest.lock";
			outputFileListPaths = (
			);
			outputPaths = (
				"$(DERIVED_FILE_DIR)/Pods-IOSHostProject-checkManifestLockResult.txt",
			);
			runOnlyForDeploymentPostprocessing = 0;
			shellPath = /bin/sh;
			shellScript = "diff \"${PODS_PODFILE_DIR_PATH}/Podfile.lock\" \"${PODS_ROOT}/Manifest.lock\" > /dev/null\nif [ $? != 0 ] ; then\n    # print error to STDERR\n    echo \"error: The sandbox is not in sync with the Podfile.lock. Run 'pod install' or update your CocoaPods installation.\" >&2\n    exit 1\nfi\n# This output is used by Xcode 'outputs' to avoid re-running this script phase.\necho \"SUCCESS\" > \"${SCRIPT_OUTPUT_FILE_0}\"\n";
			showEnvVarsInLog = 0;
		};
		573E687054CFC727D407D54C /* [CP] Embed Pods Frameworks */ = {
			isa = PBXShellScriptBuildPhase;
			buildActionMask = 2147483647;
			files = (
			);
			inputFileListPaths = (
				"${PODS_ROOT}/Target Support Files/Pods-IOSHostProject/Pods-IOSHostProject-frameworks-${CONFIGURATION}-input-files.xcfilelist",
			);
			name = "[CP] Embed Pods Frameworks";
			outputFileListPaths = (
				"${PODS_ROOT}/Target Support Files/Pods-IOSHostProject/Pods-IOSHostProject-frameworks-${CONFIGURATION}-output-files.xcfilelist",
			);
			runOnlyForDeploymentPostprocessing = 0;
			shellPath = /bin/sh;
			shellScript = "\"${PODS_ROOT}/Target Support Files/Pods-IOSHostProject/Pods-IOSHostProject-frameworks.sh\"\n";
			showEnvVarsInLog = 0;
		};
/* End PBXShellScriptBuildPhase section */

/* Begin PBXSourcesBuildPhase section */
		11B0CDC92C29C6EB00FF22CE /* Sources */ = {
			isa = PBXSourcesBuildPhase;
			buildActionMask = 2147483647;
			files = (
				11B0CDD82C29C6EB00FF22CE /* ViewController.m in Sources */,
				11B0CDD22C29C6EB00FF22CE /* AppDelegate.m in Sources */,
				11B0CDE32C29C6ED00FF22CE /* main.m in Sources */,
			);
			runOnlyForDeploymentPostprocessing = 0;
		};
/* End PBXSourcesBuildPhase section */

/* Begin PBXVariantGroup section */
		11B0CDD92C29C6EB00FF22CE /* Main.storyboard */ = {
			isa = PBXVariantGroup;
			children = (
				11B0CDDA2C29C6EB00FF22CE /* Base */,
			);
			name = Main.storyboard;
			sourceTree = "<group>";
		};
		11B0CDDE2C29C6ED00FF22CE /* LaunchScreen.storyboard */ = {
			isa = PBXVariantGroup;
			children = (
				11B0CDDF2C29C6ED00FF22CE /* Base */,
			);
			name = LaunchScreen.storyboard;
			sourceTree = "<group>";
		};
/* End PBXVariantGroup section */

/* Begin XCBuildConfiguration section */
		11B0CDE42C29C6ED00FF22CE /* Debug */ = {
			isa = XCBuildConfiguration;
			buildSettings = {
				ALWAYS_SEARCH_USER_PATHS = NO;
				ASSETCATALOG_COMPILER_GENERATE_SWIFT_ASSET_SYMBOL_EXTENSIONS = YES;
				CLANG_ANALYZER_NONNULL = YES;
				CLANG_ANALYZER_NUMBER_OBJECT_CONVERSION = YES_AGGRESSIVE;
				CLANG_CXX_LANGUAGE_STANDARD = "gnu++20";
				CLANG_ENABLE_MODULES = YES;
				CLANG_ENABLE_OBJC_ARC = YES;
				CLANG_ENABLE_OBJC_WEAK = YES;
				CLANG_WARN_BLOCK_CAPTURE_AUTORELEASING = YES;
				CLANG_WARN_BOOL_CONVERSION = YES;
				CLANG_WARN_COMMA = YES;
				CLANG_WARN_CONSTANT_CONVERSION = YES;
				CLANG_WARN_DEPRECATED_OBJC_IMPLEMENTATIONS = YES;
				CLANG_WARN_DIRECT_OBJC_ISA_USAGE = YES_ERROR;
				CLANG_WARN_DOCUMENTATION_COMMENTS = YES;
				CLANG_WARN_EMPTY_BODY = YES;
				CLANG_WARN_ENUM_CONVERSION = YES;
				CLANG_WARN_INFINITE_RECURSION = YES;
				CLANG_WARN_INT_CONVERSION = YES;
				CLANG_WARN_NON_LITERAL_NULL_CONVERSION = YES;
				CLANG_WARN_OBJC_IMPLICIT_RETAIN_SELF = YES;
				CLANG_WARN_OBJC_LITERAL_CONVERSION = YES;
				CLANG_WARN_OBJC_ROOT_CLASS = YES_ERROR;
				CLANG_WARN_QUOTED_INCLUDE_IN_FRAMEWORK_HEADER = YES;
				CLANG_WARN_RANGE_LOOP_ANALYSIS = YES;
				CLANG_WARN_STRICT_PROTOTYPES = YES;
				CLANG_WARN_SUSPICIOUS_MOVE = YES;
				CLANG_WARN_UNGUARDED_AVAILABILITY = YES_AGGRESSIVE;
				CLANG_WARN_UNREACHABLE_CODE = YES;
				CLANG_WARN__DUPLICATE_METHOD_MATCH = YES;
				COPY_PHASE_STRIP = NO;
				DEBUG_INFORMATION_FORMAT = dwarf;
				ENABLE_STRICT_OBJC_MSGSEND = YES;
				ENABLE_TESTABILITY = YES;
				ENABLE_USER_SCRIPT_SANDBOXING = YES;
				GCC_C_LANGUAGE_STANDARD = gnu17;
				GCC_DYNAMIC_NO_PIC = NO;
				GCC_NO_COMMON_BLOCKS = YES;
				GCC_OPTIMIZATION_LEVEL = 0;
				GCC_PREPROCESSOR_DEFINITIONS = (
					"DEBUG=1",
					"$(inherited)",
				);
				GCC_WARN_64_TO_32_BIT_CONVERSION = YES;
				GCC_WARN_ABOUT_RETURN_TYPE = YES_ERROR;
				GCC_WARN_UNDECLARED_SELECTOR = YES;
				GCC_WARN_UNINITIALIZED_AUTOS = YES_AGGRESSIVE;
				GCC_WARN_UNUSED_FUNCTION = YES;
				GCC_WARN_UNUSED_VARIABLE = YES;
				IPHONEOS_DEPLOYMENT_TARGET = 17.0;
				LOCALIZATION_PREFERS_STRING_CATALOGS = YES;
				MTL_ENABLE_DEBUG_INFO = INCLUDE_SOURCE;
				MTL_FAST_MATH = YES;
				ONLY_ACTIVE_ARCH = YES;
				SDKROOT = iphoneos;
			};
			name = Debug;
		};
		11B0CDE52C29C6ED00FF22CE /* Release */ = {
			isa = XCBuildConfiguration;
			buildSettings = {
				ALWAYS_SEARCH_USER_PATHS = NO;
				ASSETCATALOG_COMPILER_GENERATE_SWIFT_ASSET_SYMBOL_EXTENSIONS = YES;
				CLANG_ANALYZER_NONNULL = YES;
				CLANG_ANALYZER_NUMBER_OBJECT_CONVERSION = YES_AGGRESSIVE;
				CLANG_CXX_LANGUAGE_STANDARD = "gnu++20";
				CLANG_ENABLE_MODULES = YES;
				CLANG_ENABLE_OBJC_ARC = YES;
				CLANG_ENABLE_OBJC_WEAK = YES;
				CLANG_WARN_BLOCK_CAPTURE_AUTORELEASING = YES;
				CLANG_WARN_BOOL_CONVERSION = YES;
				CLANG_WARN_COMMA = YES;
				CLANG_WARN_CONSTANT_CONVERSION = YES;
				CLANG_WARN_DEPRECATED_OBJC_IMPLEMENTATIONS = YES;
				CLANG_WARN_DIRECT_OBJC_ISA_USAGE = YES_ERROR;
				CLANG_WARN_DOCUMENTATION_COMMENTS = YES;
				CLANG_WARN_EMPTY_BODY = YES;
				CLANG_WARN_ENUM_CONVERSION = YES;
				CLANG_WARN_INFINITE_RECURSION = YES;
				CLANG_WARN_INT_CONVERSION = YES;
				CLANG_WARN_NON_LITERAL_NULL_CONVERSION = YES;
				CLANG_WARN_OBJC_IMPLICIT_RETAIN_SELF = YES;
				CLANG_WARN_OBJC_LITERAL_CONVERSION = YES;
				CLANG_WARN_OBJC_ROOT_CLASS = YES_ERROR;
				CLANG_WARN_QUOTED_INCLUDE_IN_FRAMEWORK_HEADER = YES;
				CLANG_WARN_RANGE_LOOP_ANALYSIS = YES;
				CLANG_WARN_STRICT_PROTOTYPES = YES;
				CLANG_WARN_SUSPICIOUS_MOVE = YES;
				CLANG_WARN_UNGUARDED_AVAILABILITY = YES_AGGRESSIVE;
				CLANG_WARN_UNREACHABLE_CODE = YES;
				CLANG_WARN__DUPLICATE_METHOD_MATCH = YES;
				COPY_PHASE_STRIP = NO;
				DEBUG_INFORMATION_FORMAT = "dwarf-with-dsym";
				ENABLE_NS_ASSERTIONS = NO;
				ENABLE_STRICT_OBJC_MSGSEND = YES;
				ENABLE_USER_SCRIPT_SANDBOXING = YES;
				GCC_C_LANGUAGE_STANDARD = gnu17;
				GCC_NO_COMMON_BLOCKS = YES;
				GCC_WARN_64_TO_32_BIT_CONVERSION = YES;
				GCC_WARN_ABOUT_RETURN_TYPE = YES_ERROR;
				GCC_WARN_UNDECLARED_SELECTOR = YES;
				GCC_WARN_UNINITIALIZED_AUTOS = YES_AGGRESSIVE;
				GCC_WARN_UNUSED_FUNCTION = YES;
				GCC_WARN_UNUSED_VARIABLE = YES;
				IPHONEOS_DEPLOYMENT_TARGET = 17.0;
				LOCALIZATION_PREFERS_STRING_CATALOGS = YES;
				MTL_ENABLE_DEBUG_INFO = NO;
				MTL_FAST_MATH = YES;
				SDKROOT = iphoneos;
				VALIDATE_PRODUCT = YES;
			};
			name = Release;
		};
		11B0CDE72C29C6ED00FF22CE /* Debug */ = {
			isa = XCBuildConfiguration;
			baseConfigurationReference = 9378BA38A1D0C8AA8BC19765 /* Pods-IOSHostProject.debug.xcconfig */;
			buildSettings = {
				ASSETCATALOG_COMPILER_APPICON_NAME = AppIcon;
				ASSETCATALOG_COMPILER_GLOBAL_ACCENT_COLOR_NAME = AccentColor;
				CODE_SIGN_STYLE = Automatic;
				CURRENT_PROJECT_VERSION = 1;
				DEVELOPMENT_TEAM = GW65VAGT7V;
				ENABLE_USER_SCRIPT_SANDBOXING = NO;
				GENERATE_INFOPLIST_FILE = YES;
				INFOPLIST_FILE = IOSHostProject/Info.plist;
				INFOPLIST_KEY_UIApplicationSupportsIndirectInputEvents = YES;
				INFOPLIST_KEY_UILaunchStoryboardName = LaunchScreen;
				INFOPLIST_KEY_UIMainStoryboardFile = Main;
				INFOPLIST_KEY_UISupportedInterfaceOrientations_iPad = "UIInterfaceOrientationPortrait UIInterfaceOrientationPortraitUpsideDown UIInterfaceOrientationLandscapeLeft UIInterfaceOrientationLandscapeRight";
				INFOPLIST_KEY_UISupportedInterfaceOrientations_iPhone = "UIInterfaceOrientationPortrait UIInterfaceOrientationLandscapeLeft UIInterfaceOrientationLandscapeRight";
				IPHONEOS_DEPLOYMENT_TARGET = 13.0;
				LD_RUNPATH_SEARCH_PATHS = (
					"$(inherited)",
					"@executable_path/Frameworks",
				);
				MARKETING_VERSION = 1.0;
				PRODUCT_BUNDLE_IDENTIFIER = com.crossmirror.IOSHostProject;
				PRODUCT_NAME = "$(TARGET_NAME)";
				SWIFT_EMIT_LOC_STRINGS = YES;
				TARGETED_DEVICE_FAMILY = "1,2";
			};
			name = Debug;
		};
		11B0CDE82C29C6ED00FF22CE /* Release */ = {
			isa = XCBuildConfiguration;
			baseConfigurationReference = 4E07D7EADF1591FD26284121 /* Pods-IOSHostProject.release.xcconfig */;
			buildSettings = {
				ASSETCATALOG_COMPILER_APPICON_NAME = AppIcon;
				ASSETCATALOG_COMPILER_GLOBAL_ACCENT_COLOR_NAME = AccentColor;
				CODE_SIGN_STYLE = Automatic;
				CURRENT_PROJECT_VERSION = 1;
				DEVELOPMENT_TEAM = GW65VAGT7V;
				ENABLE_USER_SCRIPT_SANDBOXING = NO;
				GENERATE_INFOPLIST_FILE = YES;
				INFOPLIST_FILE = IOSHostProject/Info.plist;
				INFOPLIST_KEY_UIApplicationSupportsIndirectInputEvents = YES;
				INFOPLIST_KEY_UILaunchStoryboardName = LaunchScreen;
				INFOPLIST_KEY_UIMainStoryboardFile = Main;
				INFOPLIST_KEY_UISupportedInterfaceOrientations_iPad = "UIInterfaceOrientationPortrait UIInterfaceOrientationPortraitUpsideDown UIInterfaceOrientationLandscapeLeft UIInterfaceOrientationLandscapeRight";
				INFOPLIST_KEY_UISupportedInterfaceOrientations_iPhone = "UIInterfaceOrientationPortrait UIInterfaceOrientationLandscapeLeft UIInterfaceOrientationLandscapeRight";
				IPHONEOS_DEPLOYMENT_TARGET = 13.0;
				LD_RUNPATH_SEARCH_PATHS = (
					"$(inherited)",
					"@executable_path/Frameworks",
				);
				MARKETING_VERSION = 1.0;
				PRODUCT_BUNDLE_IDENTIFIER = com.crossmirror.IOSHostProject;
				PRODUCT_NAME = "$(TARGET_NAME)";
				SWIFT_EMIT_LOC_STRINGS = YES;
				TARGETED_DEVICE_FAMILY = "1,2";
			};
			name = Release;
		};
/* End XCBuildConfiguration section */

/* Begin XCConfigurationList section */
		11B0CDC82C29C6EB00FF22CE /* Build configuration list for PBXProject "IOSHostProject" */ = {
			isa = XCConfigurationList;
			buildConfigurations = (
				11B0CDE42C29C6ED00FF22CE /* Debug */,
				11B0CDE52C29C6ED00FF22CE /* Release */,
			);
			defaultConfigurationIsVisible = 0;
			defaultConfigurationName = Release;
		};
		11B0CDE62C29C6ED00FF22CE /* Build configuration list for PBXNativeTarget "IOSHostProject" */ = {
			isa = XCConfigurationList;
			buildConfigurations = (
				11B0CDE72C29C6ED00FF22CE /* Debug */,
				11B0CDE82C29C6ED00FF22CE /* Release */,
			);
			defaultConfigurationIsVisible = 0;
			defaultConfigurationName = Release;
		};
/* End XCConfigurationList section */
	};
	rootObject = 11B0CDC52C29C6EB00FF22CE /* Project object */;
}
